
Microsoft Visual Studio Solution File, Format Version 12.00
# Visual Studio Version 17
VisualStudioVersion = 17.4.33213.308
MinimumVisualStudioVersion = 10.0.40219.1
Project("{FAE04EC0-301F-11D3-BF4B-00C04F79EFBC}") = "SOCMapGenerator", "SOCMapGenerator\SOCMapGenerator.csproj", "{336719A1-D4B8-4FC3-AD37-C7936469B20B}"
EndProject
Global
	GlobalSection(SolutionConfigurationPlatforms) = preSolution
		Debug|Any CPU = Debug|Any CPU
		Release|Any CPU = Release|Any CPU
	EndGlobalSection
	GlobalSection(ProjectConfigurationPlatforms) = postSolution
		{336719A1-D4B8-4FC3-AD37-C7936469B20B}.Debug|Any CPU.ActiveCfg = Debug|Any CPU
		{336719A1-D4B8-4FC3-AD37-C7936469B20B}.Debug|Any CPU.Build.0 = Debug|Any CPU
		{336719A1-D4B8-4FC3-AD37-C7936469B20B}.Release|Any CPU.ActiveCfg = Release|Any CPU
		{336719A1-D4B8-4FC3-AD37-C7936469B20B}.Release|Any CPU.Build.0 = Release|Any CPU
	EndGlobalSection
	GlobalSection(SolutionProperties) = preSolution
		HideSolutionNode = FALSE
	EndGlobalSection
	GlobalSection(ExtensibilityGlobals) = postSolution
		SolutionGuid = {DE417EC2-180C-410B-8884-4BC5C4F49DEA}
	EndGlobalSection
EndGlobal
